
Microsoft Visual Studio Solution File, Format Version 12.00
# Visual Studio Version 16
VisualStudioVersion = 16.0.30128.74
MinimumVisualStudioVersion = 10.0.40219.1
Project("{FAE04EC0-301F-11D3-BF4B-00C04F79EFBC}") = "LawOffice", "LawOffice.csproj", "{1D088839-A696-4054-88A7-D0C7A84D0922}"
EndProject
Global
	GlobalSection(SolutionConfigurationPlatforms) = preSolution
		Debug|Any CPU = Debug|Any CPU
		Release|Any CPU = Release|Any CPU
	EndGlobalSection
	GlobalSection(ProjectConfigurationPlatforms) = postSolution
		{1D088839-A696-4054-88A7-D0C7A84D0922}.Debug|Any CPU.ActiveCfg = Debug|Any CPU
		{1D088839-A696-4054-88A7-D0C7A84D0922}.Debug|Any CPU.Build.0 = Debug|Any CPU
		{1D088839-A696-4054-88A7-D0C7A84D0922}.Release|Any CPU.ActiveCfg = Release|Any CPU
		{1D088839-A696-4054-88A7-D0C7A84D0922}.Release|Any CPU.Build.0 = Release|Any CPU
	EndGlobalSection
	GlobalSection(SolutionProperties) = preSolution
		HideSolutionNode = FALSE
	EndGlobalSection
	GlobalSection(ExtensibilityGlobals) = postSolution
		SolutionGuid = {A1DF0989-8A58-4FB3-9350-2D215B7BCFE8}
	EndGlobalSection
EndGlobal
